{
  "name": "sqlite-browser",
  "version": "0.1.1",
  "lockfileVersion": 1,
  "requires": true,
  "dependencies": {
    "ansi-regex": {
      "version": "2.1.1",
      "resolved": "https://registry.npmjs.org/ansi-regex/-/ansi-regex-2.1.1.tgz",
      "integrity": "sha1-w7M6te42DYbg5ijwRorn7yfWVN8="
    },
    "ansi-styles": {
      "version": "1.1.0",
      "resolved": "https://registry.npmjs.org/ansi-styles/-/ansi-styles-1.1.0.tgz",
      "integrity": "sha1-6uy/Zs1waIJ2Cy9GkVgrj1XXp94=",
      "optional": true
    },
    "async": {
      "version": "3.1.0",
      "resolved": "https://registry.npmjs.org/async/-/async-3.1.0.tgz",
      "integrity": "sha512-4vx/aaY6j/j3Lw3fbCHNWP0pPaTCew3F6F3hYyl/tHs/ndmV1q7NW9T5yuJ2XAGwdQrP+6Wu20x06U4APo/iQQ==",
      "dev": true
    },
    "balanced-match": {
      "version": "1.0.0",
      "resolved": "https://registry.npmjs.org/balanced-match/-/balanced-match-1.0.0.tgz",
      "integrity": "sha1-ibTRmasr7kneFk6gK4nORi1xt2c="
    },
    "better-sqlite3": {
      "version": "5.4.3",
      "resolved": "https://registry.npmjs.org/better-sqlite3/-/better-sqlite3-5.4.3.tgz",
      "integrity": "sha512-fPp+8f363qQIhuhLyjI4bu657J/FfMtgiiHKfaTsj3RWDkHlWC1yT7c6kHZDnBxzQVoAINuzg553qKmZ4F1rEw==",
      "requires": {
        "integer": "^2.1.0",
        "tar": "^4.4.10"
      }
    },
    "brace-expansion": {
      "version": "1.1.11",
      "resolved": "https://registry.npmjs.org/brace-expansion/-/brace-expansion-1.1.11.tgz",
      "integrity": "sha512-iCuPHDFgrHX7H2vEI/5xpz07zSHB00TpugqhmYtVmMO6518mCuRMoOYFldEBl0g187ufozdaHgWKcYFb61qGiA==",
      "requires": {
        "balanced-match": "^1.0.0",
        "concat-map": "0.0.1"
      }
    },
    "chownr": {
      "version": "1.1.3",
      "resolved": "https://registry.npmjs.org/chownr/-/chownr-1.1.3.tgz",
      "integrity": "sha512-i70fVHhmV3DtTl6nqvZOnIjbY0Pe4kAUjwHj8z0zAdgBtYrJyYwLKCCuRBQ5ppkyL0AkN7HKRnETdmdp1zqNXw=="
    },
    "cnd": {
      "version": "4.6.0",
      "resolved": "https://registry.npmjs.org/cnd/-/cnd-4.6.0.tgz",
      "integrity": "sha512-f67fr4xFvv4Vhlo+GW8T+YB7a/jZy+9vD2DK/Udvkaul0RSniTOPFNT2Q2F/+BS4JfoDBUZdBoUra0u2SwtuSw==",
      "requires": {
        "mkdirp": "^0.5.1",
        "trycatch": "^1.5.21"
      }
    },
    "code-point-at": {
      "version": "1.1.0",
      "resolved": "https://registry.npmjs.org/code-point-at/-/code-point-at-1.1.0.tgz",
      "integrity": "sha1-DQcLTQQ6W+ozovGkDi7bPZpMz3c="
    },
    "concat-map": {
      "version": "0.0.1",
      "resolved": "https://registry.npmjs.org/concat-map/-/concat-map-0.0.1.tgz",
      "integrity": "sha1-2Klr13/Wjfd5OnMDajug1UBdR3s="
    },
    "data-uri-to-buffer": {
      "version": "2.0.2",
      "resolved": "https://registry.npmjs.org/data-uri-to-buffer/-/data-uri-to-buffer-2.0.2.tgz",
      "integrity": "sha512-ND9qDTLc6diwj+Xe5cdAgVTbLVdXbtxTJRXRhli8Mowuaan+0EJOtdqJ0QCHNSSPyoXGx9HX2/VMnKeC34AChA=="
    },
    "default-pager": {
      "version": "1.1.0",
      "resolved": "https://registry.npmjs.org/default-pager/-/default-pager-1.1.0.tgz",
      "integrity": "sha1-7SiJWwSpbjcHi9xiI5ExlxYg7uw="
    },
    "diff": {
      "version": "4.0.1",
      "resolved": "https://registry.npmjs.org/diff/-/diff-4.0.1.tgz",
      "integrity": "sha512-s2+XdvhPCOF01LRQBC8hf4vhbVmI2CGS5aZnxLJlT5FtdhPCDFq80q++zK2KlrVorVDdL5BOGZ/VfLrVtYNF+Q==",
      "dev": true
    },
    "emittery": {
      "version": "0.4.1",
      "resolved": "https://registry.npmjs.org/emittery/-/emittery-0.4.1.tgz",
      "integrity": "sha512-r4eRSeStEGf6M5SKdrQhhLK5bOwOBxQhIE3YSTnZE3GpKiLfnnhE+tPtrJE79+eDJgm39BM6LSoI8SCx4HbwlQ=="
    },
    "fs-minipass": {
      "version": "1.2.7",
      "resolved": "https://registry.npmjs.org/fs-minipass/-/fs-minipass-1.2.7.tgz",
      "integrity": "sha512-GWSSJGFy4e9GUeCcbIkED+bgAoFyj7XF1mV8rma3QW4NIqX9Kyx79N/PF61H5udOV3aY1IaMLs6pGbH71nlCTA==",
      "requires": {
        "minipass": "^2.6.0"
      }
    },
    "fs.realpath": {
      "version": "1.0.0",
      "resolved": "https://registry.npmjs.org/fs.realpath/-/fs.realpath-1.0.0.tgz",
      "integrity": "sha1-FQStJSMVjKpA20onh8sBQRmU6k8="
    },
    "get-source": {
      "version": "1.0.42",
      "resolved": "https://registry.npmjs.org/get-source/-/get-source-1.0.42.tgz",
      "integrity": "sha512-uM5xCIG5w2meVbiZaID4ajH6J8OfApqhlKXtZwsS/IIM9PLb0b2kc5sRdy78yEDfxsIYEWNk0OVxai6OpDCExA==",
      "requires": {
        "data-uri-to-buffer": "^2.0.0",
        "source-map": "^0.6.1"
      }
    },
    "glob": {
      "version": "7.1.4",
      "resolved": "https://registry.npmjs.org/glob/-/glob-7.1.4.tgz",
      "integrity": "sha512-hkLPepehmnKk41pUGm3sYxoFs/umurYfYJCerbXEyFIWcAzvpipAgVkBqqT9RBKMGjnq6kMuyYwha6csxbiM1A==",
      "requires": {
        "fs.realpath": "^1.0.0",
        "inflight": "^1.0.4",
        "inherits": "2",
        "minimatch": "^3.0.4",
        "once": "^1.3.0",
        "path-is-absolute": "^1.0.0"
      }
    },
    "guy-test": {
      "version": "1.4.1",
      "resolved": "https://registry.npmjs.org/guy-test/-/guy-test-1.4.1.tgz",
      "integrity": "sha512-uH5le+5RnlCYK55ilxPCj3di8axwC4f+1lS8YtU1t9mZfElzhYI6tk0s6vvqrBjoHNMVH7Iu1MoHQisj7f6+2w==",
      "dev": true,
      "requires": {
        "async": "^3.1.0",
        "cnd": "^4.6.0",
        "diff": "^4.0.1"
      }
    },
    "hollerith-codec": {
      "version": "2.0.0",
      "resolved": "https://registry.npmjs.org/hollerith-codec/-/hollerith-codec-2.0.0.tgz",
      "integrity": "sha512-PehfxxSk2EAmUUah019RqJjZvZ1QjhjAyeQvsKacOyVIn267xO3u12ao58pBu3Y121PIFS39LiK6VXIn9S4aFQ==",
      "requires": {
        "cnd": "^4.6.0",
        "intertype": "^2.5.0"
      }
    },
    "hookit": {
      "version": "1.1.3",
      "resolved": "https://registry.npmjs.org/hookit/-/hookit-1.1.3.tgz",
      "integrity": "sha1-YnvRuQvE7sHTe2OiCCzv9Rgb+xk="
    },
    "icql": {
      "version": "5.1.3",
      "resolved": "https://registry.npmjs.org/icql/-/icql-5.1.3.tgz",
      "integrity": "sha512-2smnBWOWM/sHwtsE7V1Gv5aGAHRSEez5uaZREU2DC/mSj4WgspiiQ51U5k+0BfX17bE14AfyOqXXnibQZ90yWg==",
      "requires": {
        "better-sqlite3": "^5.4.3",
        "cnd": "^4.6.0",
        "hollerith-codec": "^2.0.0",
        "intercourse": "^6.1.0",
        "intertype": "^2.5.0",
        "ltsort": "^1.2.4"
      }
    },
    "inflight": {
      "version": "1.0.6",
      "resolved": "https://registry.npmjs.org/inflight/-/inflight-1.0.6.tgz",
      "integrity": "sha1-Sb1jMdfQLQwJvJEKEHW6gWW1bfk=",
      "requires": {
        "once": "^1.3.0",
        "wrappy": "1"
      }
    },
    "inherits": {
      "version": "2.0.4",
      "resolved": "https://registry.npmjs.org/inherits/-/inherits-2.0.4.tgz",
      "integrity": "sha512-k/vGaX4/Yla3WzyMCvTQOXYeIHvqOKtnqBduzTHpzpQZzAskKMhZ2K+EnBiSM9zGSoIFeMpXKxa4dYeZIQqewQ=="
    },
    "integer": {
      "version": "2.1.0",
      "resolved": "https://registry.npmjs.org/integer/-/integer-2.1.0.tgz",
      "integrity": "sha512-vBtiSgrEiNocWvvZX1RVfeOKa2mCHLZQ2p9nkQkQZ/BvEiY+6CcUz0eyjvIiewjJoeNidzg2I+tpPJvpyspL1w=="
    },
    "intercourse": {
      "version": "6.1.0",
      "resolved": "https://registry.npmjs.org/intercourse/-/intercourse-6.1.0.tgz",
      "integrity": "sha512-3Dp2babXfdi0PIUhE99ePsfwcYT6umBQT6hiMvce9XTucSwVsj2fHN/qHL9qhIFoKIa0HBBJzZRMpPuOdy4XcQ==",
      "requires": {
        "cnd": "^4.6.0",
        "intertype": "^2.5.0",
        "pipedreams": "^12.1.0"
      }
    },
    "intertype": {
      "version": "2.5.0",
      "resolved": "https://registry.npmjs.org/intertype/-/intertype-2.5.0.tgz",
      "integrity": "sha512-syiYJI0LFVdve0b25x/Lv3xedivgW8Xbv43tAbOLdAKDzafO9LHHaAWFWzFr13sBs0OIwdU5Foqf+nnY5MgCRA==",
      "requires": {
        "cnd": "^4.5.0",
        "lodash.flattendeep": "^4.4.0",
        "multimix": "^2.0.0"
      }
    },
    "is-fullwidth-code-point": {
      "version": "1.0.0",
      "resolved": "https://registry.npmjs.org/is-fullwidth-code-point/-/is-fullwidth-code-point-1.0.0.tgz",
      "integrity": "sha1-754xOG8DGn8NZDr4L95QxFfvAMs=",
      "requires": {
        "number-is-nan": "^1.0.0"
      }
    },
    "letsfreezethat": {
      "version": "1.1.1",
      "resolved": "https://registry.npmjs.org/letsfreezethat/-/letsfreezethat-1.1.1.tgz",
      "integrity": "sha512-egDXKpaGMfbqRT5JckNfc1JmcOIC7y86fJNbXik6oCKc0KPKYVcEOnr3Rl+XpO+Bn7vGGfJgQ2+X1Z44jnUD5A=="
    },
    "lodash.flattendeep": {
      "version": "4.4.0",
      "resolved": "https://registry.npmjs.org/lodash.flattendeep/-/lodash.flattendeep-4.4.0.tgz",
      "integrity": "sha1-+wMJF/hqMTTlvJvsDWngAT3f7bI="
    },
    "looper": {
      "version": "4.0.0",
      "resolved": "https://registry.npmjs.org/looper/-/looper-4.0.0.tgz",
      "integrity": "sha1-dwat7VmpntygbmtUu4bI7BnJUVU="
    },
    "ltsort": {
      "version": "1.2.4",
      "resolved": "https://registry.npmjs.org/ltsort/-/ltsort-1.2.4.tgz",
      "integrity": "sha512-6unvcv1u5dOtufuyyMDnuduohhd6ogxfNe8N+6YCV2SzIBmvzULEHwqsH9/RZXzQVpptQ8j666a2iBPIMfcQ3w==",
      "requires": {
        "cnd": "^4.6.0"
      }
    },
    "minimatch": {
      "version": "3.0.4",
      "resolved": "https://registry.npmjs.org/minimatch/-/minimatch-3.0.4.tgz",
      "integrity": "sha512-yJHVQEhyqPLUTgt9B83PXu6W3rx4MvvHvSUvToogpwoGDOUQ+yDrR0HRot+yOCdCO7u4hX3pWft6kWBBcqh0UA==",
      "requires": {
        "brace-expansion": "^1.1.7"
      }
    },
    "minimist": {
      "version": "0.0.8",
      "resolved": "https://registry.npmjs.org/minimist/-/minimist-0.0.8.tgz",
      "integrity": "sha1-hX/Kv8M5fSYluCKCYuhqp6ARsF0="
    },
    "minipass": {
      "version": "2.9.0",
      "resolved": "https://registry.npmjs.org/minipass/-/minipass-2.9.0.tgz",
      "integrity": "sha512-wxfUjg9WebH+CUDX/CdbRlh5SmfZiy/hpkxaRI16Y9W56Pa75sWgd/rvFilSgrauD9NyFymP/+JFV3KwzIsJeg==",
      "requires": {
        "safe-buffer": "^5.1.2",
        "yallist": "^3.0.0"
      }
    },
    "minizlib": {
      "version": "1.3.3",
      "resolved": "https://registry.npmjs.org/minizlib/-/minizlib-1.3.3.tgz",
      "integrity": "sha512-6ZYMOEnmVsdCeTJVE0W9ZD+pVnE8h9Hma/iOwwRDsdQoePpoX56/8B6z3P9VNwppJuBKNRuFDRNRqRWexT9G9Q==",
      "requires": {
        "minipass": "^2.9.0"
      }
    },
    "mkdirp": {
      "version": "0.5.1",
      "resolved": "https://registry.npmjs.org/mkdirp/-/mkdirp-0.5.1.tgz",
      "integrity": "sha1-MAV0OOrGz3+MR2fzhkjWaX11yQM=",
      "requires": {
        "minimist": "0.0.8"
      }
    },
    "multimix": {
      "version": "2.1.0",
      "resolved": "https://registry.npmjs.org/multimix/-/multimix-2.1.0.tgz",
      "integrity": "sha512-wf6LkOT9iQTuailzDwltF92iDX2fMdxzjRzlmkIiBy3pY7Bnm0ARkQ/YjIKkpUUSVvSqm9+HVr69Mvi17j7NwQ==",
      "requires": {
        "cnd": "^4.5.0"
      }
    },
    "number-is-nan": {
      "version": "1.0.1",
      "resolved": "https://registry.npmjs.org/number-is-nan/-/number-is-nan-1.0.1.tgz",
      "integrity": "sha1-CXtgK1NCKlIsGvuHkDGDNpQaAR0="
    },
    "once": {
      "version": "1.4.0",
      "resolved": "https://registry.npmjs.org/once/-/once-1.4.0.tgz",
      "integrity": "sha1-WDsap3WWHUsROsF9nFC6753Xa9E=",
      "requires": {
        "wrappy": "1"
      }
    },
    "path-is-absolute": {
      "version": "1.0.1",
      "resolved": "https://registry.npmjs.org/path-is-absolute/-/path-is-absolute-1.0.1.tgz",
      "integrity": "sha1-F0uSaHNVNP+8es5r9TpanhtcX18="
    },
    "pipedreams": {
      "version": "12.1.0",
      "resolved": "https://registry.npmjs.org/pipedreams/-/pipedreams-12.1.0.tgz",
      "integrity": "sha512-d3ejZVrSvMzNEv2KyOSmY2MgVGMnwpWljgoV5SN55urTLfPjRiT5phGdS80jTBWP/tVV0BdwPiUoKm1f9hmM8w==",
      "requires": {
        "cnd": "^4.6.0",
        "emittery": "^0.4.1",
        "intertype": "^2.5.0",
        "letsfreezethat": "^1.1.1",
        "multimix": "^2.0.0",
        "pipestreams": "^8.0.0"
      }
    },
    "pipestreams": {
      "version": "8.0.0",
      "resolved": "https://registry.npmjs.org/pipestreams/-/pipestreams-8.0.0.tgz",
      "integrity": "sha512-tA+niMDL6oMeMB0LWhF3Az3DIMV0gd9XYaNlDgswF4i8hqKWDPQtM7lpHNZUIf2b4nYbU/ZHtytidV869hhwTA==",
      "requires": {
        "cnd": "^4.6.0",
        "get-source": "^1.0.37",
        "intertype": "^2.5.0",
        "lodash.flattendeep": "^4.4.0",
        "multimix": "^2.0.0",
        "pull-cont": "^0.1.1",
        "pull-map-last": "^1.0.0",
        "pull-merge": "^1.0.4",
        "pull-mux": "^0.1.3",
        "pull-pair": "^1.1.0",
        "pull-paramap": "^1.2.2",
        "pull-pause": "0.0.2",
        "pull-pushable": "^2.2.0",
        "pull-split": "^0.2.0",
        "pull-stream": "^3.6.12",
        "pull-stream-to-stream": "^1.3.4",
        "pull-tee": "^2.0.1",
        "pull-utf8-decoder": "^1.0.2",
        "stack-trace": "0.0.10",
        "stream-to-pull-stream": "^1.7.3",
        "timsort": "^0.3.0"
      }
    },
    "pspg": {
      "version": "1.4.1",
      "resolved": "https://registry.npmjs.org/pspg/-/pspg-1.4.1.tgz",
      "integrity": "sha512-5ZyZvYpkmrd/NL/wcLSoJNcri/4NzDWIOhN86Lg264Uxcu93ivpW6/sTZ+/CLwziVe7EKO2pOiVJcP8DKVKOwg==",
      "requires": {
        "cnd": "^4.6.0",
        "default-pager": "^1.1.0",
        "intertype": "^2.5.0",
        "pipestreams": "^8.0.0",
        "to-width": "^1.0.3"
      }
    },
    "pull-cont": {
      "version": "0.1.1",
      "resolved": "https://registry.npmjs.org/pull-cont/-/pull-cont-0.1.1.tgz",
      "integrity": "sha1-3x1YDicXV7qay666IN4kIdZg1hg="
    },
    "pull-many": {
      "version": "1.0.9",
      "resolved": "https://registry.npmjs.org/pull-many/-/pull-many-1.0.9.tgz",
      "integrity": "sha512-+jUydDVlj/HsvtDqxWMSsiRq3B0HVo7RhBV4C0p2nZRS3mFTUEu9SPEBN+B5PMaW8KTnblYhTIaKg7oXgGnj4Q==",
      "requires": {
        "pull-stream": "^3.4.5"
      }
    },
    "pull-map-last": {
      "version": "1.0.0",
      "resolved": "https://registry.npmjs.org/pull-map-last/-/pull-map-last-1.0.0.tgz",
      "integrity": "sha1-CdPZ/gBP4tnhjWl+z/x6JyWZRq8="
    },
    "pull-merge": {
      "version": "1.0.4",
      "resolved": "https://registry.npmjs.org/pull-merge/-/pull-merge-1.0.4.tgz",
      "integrity": "sha512-pz72yzy7nK4YVKV8+njxC5GrnATJ4OwFEviiuXx/K/W2+G2mDddkomv2g0j4Zf4eT+LhsBuVpOAjZU1E9BPqCw=="
    },
    "pull-mux": {
      "version": "0.1.3",
      "resolved": "https://registry.npmjs.org/pull-mux/-/pull-mux-0.1.3.tgz",
      "integrity": "sha1-qlKIYmvxAZpuP5aJDqLVXLs7WiU=",
      "requires": {
        "pull-many": "^1.0.8",
        "pull-pair": "^1.1.0",
        "pull-stream": "^3.5.0",
        "pull-tee": "https://github.com/pull-stream/pull-tee/tarball/master"
      },
      "dependencies": {
        "pull-tee": {
          "version": "https://github.com/pull-stream/pull-tee/tarball/master",
          "integrity": "sha512-Nw01X7fNikCaZbY65xJfrfbMH+iuBIsCt6oOwS5Rf5Lt6TlIaU8OiiXbVr/znIxsqhVIIs87cJa9RvvuhrF20Q=="
        }
      }
    },
    "pull-pair": {
      "version": "1.1.0",
      "resolved": "https://registry.npmjs.org/pull-pair/-/pull-pair-1.1.0.tgz",
      "integrity": "sha1-fuQnJj/fTaglOXrAoF4atLdL120="
    },
    "pull-paramap": {
      "version": "1.2.2",
      "resolved": "https://registry.npmjs.org/pull-paramap/-/pull-paramap-1.2.2.tgz",
      "integrity": "sha1-UaQZPOnI1yFdla2tReK824STsjo=",
      "requires": {
        "looper": "^4.0.0"
      }
    },
    "pull-pause": {
      "version": "0.0.2",
      "resolved": "https://registry.npmjs.org/pull-pause/-/pull-pause-0.0.2.tgz",
      "integrity": "sha1-GdRb6PqmFfpVbxSpb9czRiw3+6M="
    },
    "pull-pushable": {
      "version": "2.2.0",
      "resolved": "https://registry.npmjs.org/pull-pushable/-/pull-pushable-2.2.0.tgz",
      "integrity": "sha1-Xy867UethpGfAbEqLpnW8b13ZYE="
    },
    "pull-split": {
      "version": "0.2.1",
      "resolved": "https://registry.npmjs.org/pull-split/-/pull-split-0.2.1.tgz",
      "integrity": "sha512-lloBKx+ijuRNvxvhM/SMJQ0r9/0WBGcpCPv8I6MZuYl4D1heUF/eYQObnqVehhtTMYuMwboK7RdhMa4Wg3YB7w==",
      "requires": {
        "pull-through": "~1.0.6"
      }
    },
    "pull-stream": {
      "version": "3.6.14",
      "resolved": "https://registry.npmjs.org/pull-stream/-/pull-stream-3.6.14.tgz",
      "integrity": "sha512-KIqdvpqHHaTUA2mCYcLG1ibEbu/LCKoJZsBWyv9lSYtPkJPBq8m3Hxa103xHi6D2thj5YXa0TqK3L3GUkwgnew=="
    },
    "pull-stream-to-stream": {
      "version": "1.3.4",
      "resolved": "https://registry.npmjs.org/pull-stream-to-stream/-/pull-stream-to-stream-1.3.4.tgz",
      "integrity": "sha1-P4HYIWvRjSv9GhmBkEcRgOJzg5k="
    },
    "pull-tee": {
      "version": "2.0.1",
      "resolved": "https://registry.npmjs.org/pull-tee/-/pull-tee-2.0.1.tgz",
      "integrity": "sha1-AVX56ZgwH0c2XiE99Vz+5McebZc="
    },
    "pull-through": {
      "version": "1.0.18",
      "resolved": "https://registry.npmjs.org/pull-through/-/pull-through-1.0.18.tgz",
      "integrity": "sha1-jdYjFCY+Wc9Qlur7sSeitu8xBzU=",
      "requires": {
        "looper": "~3.0.0"
      },
      "dependencies": {
        "looper": {
          "version": "3.0.0",
          "resolved": "https://registry.npmjs.org/looper/-/looper-3.0.0.tgz",
          "integrity": "sha1-LvpUw7HLq6m5Su4uWRSwvlf7t0k="
        }
      }
    },
    "pull-utf8-decoder": {
      "version": "1.0.2",
      "resolved": "https://registry.npmjs.org/pull-utf8-decoder/-/pull-utf8-decoder-1.0.2.tgz",
      "integrity": "sha1-p6+iOE0eZBWl1gIFQSbMjeO8vOc="
    },
    "safe-buffer": {
      "version": "5.2.0",
      "resolved": "https://registry.npmjs.org/safe-buffer/-/safe-buffer-5.2.0.tgz",
      "integrity": "sha512-fZEwUGbVl7kouZs1jCdMLdt95hdIv0ZeHg6L7qPeciMZhZ+/gdesW4wgTARkrFWEpspjEATAzUGPG8N2jJiwbg=="
    },
    "source-map": {
      "version": "0.6.1",
      "resolved": "https://registry.npmjs.org/source-map/-/source-map-0.6.1.tgz",
      "integrity": "sha512-UjgapumWlbMhkBgzT7Ykc5YXUT46F0iKu8SGXq0bcwP5dz/h0Plj6enJqjz1Zbq2l5WaqYnrVbwWOWMyF3F47g=="
    },
    "stack-trace": {
      "version": "0.0.10",
      "resolved": "https://registry.npmjs.org/stack-trace/-/stack-trace-0.0.10.tgz",
      "integrity": "sha1-VHxws0fo0ytOEI6hoqFZ5f3eGcA="
    },
    "stream-to-pull-stream": {
      "version": "1.7.3",
      "resolved": "https://registry.npmjs.org/stream-to-pull-stream/-/stream-to-pull-stream-1.7.3.tgz",
      "integrity": "sha512-6sNyqJpr5dIOQdgNy/xcDWwDuzAsAwVzhzrWlAPAQ7Lkjx/rv0wgvxEyKwTq6FmNd5rjTrELt/CLmaSw7crMGg==",
      "requires": {
        "looper": "^3.0.0",
        "pull-stream": "^3.2.3"
      },
      "dependencies": {
        "looper": {
          "version": "3.0.0",
          "resolved": "https://registry.npmjs.org/looper/-/looper-3.0.0.tgz",
          "integrity": "sha1-LvpUw7HLq6m5Su4uWRSwvlf7t0k="
        }
      }
    },
    "string-width": {
      "version": "1.0.2",
      "resolved": "https://registry.npmjs.org/string-width/-/string-width-1.0.2.tgz",
      "integrity": "sha1-EYvfW4zcUaKn5w0hHgfisLmxB9M=",
      "requires": {
        "code-point-at": "^1.0.0",
        "is-fullwidth-code-point": "^1.0.0",
        "strip-ansi": "^3.0.0"
      }
    },
    "strip-ansi": {
      "version": "3.0.1",
      "resolved": "https://registry.npmjs.org/strip-ansi/-/strip-ansi-3.0.1.tgz",
      "integrity": "sha1-ajhfuIU9lS1f8F0Oiq+UJ43GPc8=",
      "requires": {
        "ansi-regex": "^2.0.0"
      }
    },
    "tar": {
      "version": "4.4.15",
      "resolved": "https://registry.npmjs.org/tar/-/tar-4.4.15.tgz",
      "integrity": "sha512-ItbufpujXkry7bHH9NpQyTXPbJ72iTlXgkBAYsAjDXk3Ds8t/3NfO5P4xZGy7u+sYuQUbimgzswX4uQIEeNVOA==",
      "requires": {
        "chownr": "^1.1.1",
        "fs-minipass": "^1.2.5",
        "minipass": "^2.8.6",
        "minizlib": "^1.2.1",
        "mkdirp": "^0.5.0",
        "safe-buffer": "^5.1.2",
        "yallist": "^3.0.3"
      }
    },
    "timsort": {
      "version": "0.3.0",
      "resolved": "https://registry.npmjs.org/timsort/-/timsort-0.3.0.tgz",
      "integrity": "sha1-QFQRqOfmM5/mTbmiNN4R3DHgK9Q="
    },
    "to-width": {
      "version": "1.0.3",
      "resolved": "https://registry.npmjs.org/to-width/-/to-width-1.0.3.tgz",
      "integrity": "sha1-hY6IgwcbIMidy13nJWXa+F7k+YQ=",
      "requires": {
        "cnd": "^4.0.5",
        "string-width": "^1.0.1",
        "wcstring": "^2.1.1"
      }
    },
    "trycatch": {
      "version": "1.5.21",
      "resolved": "https://registry.npmjs.org/trycatch/-/trycatch-1.5.21.tgz",
      "integrity": "sha1-LLFdQ9T0X3Q2dweYoQvfvh1aVv4=",
      "requires": {
        "ansi-styles": "1.x.x",
        "hookit": "^1.1.3"
      }
    },
    "varsize-string": {
      "version": "2.2.2",
      "resolved": "https://registry.npmjs.org/varsize-string/-/varsize-string-2.2.2.tgz",
      "integrity": "sha1-7xs7bHLbCDXqL4TN+R/sMMUgaIs="
    },
    "wcsize": {
      "version": "1.0.0",
      "resolved": "https://registry.npmjs.org/wcsize/-/wcsize-1.0.0.tgz",
      "integrity": "sha1-qKLhXmqKdHkdulgPaaV9J+hQ6h4="
    },
    "wcstring": {
      "version": "2.1.1",
      "resolved": "https://registry.npmjs.org/wcstring/-/wcstring-2.1.1.tgz",
      "integrity": "sha1-3tUtdFycceJNCkidKCbSKjZe0Gc=",
      "requires": {
        "varsize-string": "^2.2.1",
        "wcsize": "^1.0.0"
      }
    },
    "wrappy": {
      "version": "1.0.2",
      "resolved": "https://registry.npmjs.org/wrappy/-/wrappy-1.0.2.tgz",
      "integrity": "sha1-tSQ9jz7BqjXxNkYFvA0QNuMKtp8="
    },
    "yallist": {
      "version": "3.1.1",
      "resolved": "https://registry.npmjs.org/yallist/-/yallist-3.1.1.tgz",
      "integrity": "sha512-a4UGQaWPH59mOXUYnAG2ewncQS4i4F43Tv3JoAM+s2VDAmS9NsK8GpDMLrCHPksFT7h3K6TOoUNn2pb7RoXx4g=="
    }
  }
}
